
Microsoft Visual Studio Solution File, Format Version 12.00
# Visual Studio 15
VisualStudioVersion = 15.0.28307.106
MinimumVisualStudioVersion = 10.0.40219.1
Project("{FAE04EC0-301F-11D3-BF4B-00C04F79EFBC}") = "Sales.Android", "Sales\Sales.Android\Sales.Android.csproj", "{B437F022-6183-457E-9C44-C4DD2E41682E}"
EndProject
Project("{FAE04EC0-301F-11D3-BF4B-00C04F79EFBC}") = "Sales.iOS", "Sales\Sales.iOS\Sales.iOS.csproj", "{28E5467C-C7C7-43BF-8044-52B770FFD20D}"
EndProject
Project("{FAE04EC0-301F-11D3-BF4B-00C04F79EFBC}") = "Sales", "Sales\Sales\Sales.csproj", "{DBC4FBE4-4F38-4224-90CB-84B4DF9B0336}"
EndProject
Project("{FAE04EC0-301F-11D3-BF4B-00C04F79EFBC}") = "Sales.Backend", "Sales.Backend\Sales.Backend.csproj", "{52ACAA11-8308-40A5-8263-945B33D9C452}"
EndProject
Project("{FAE04EC0-301F-11D3-BF4B-00C04F79EFBC}") = "Sales.API", "Sales.API\Sales.API.csproj", "{0382F4BE-FD6D-49F4-BF28-DE480C477091}"
EndProject
Project("{FAE04EC0-301F-11D3-BF4B-00C04F79EFBC}") = "Sales.Domain", "Sales.Domain\Sales.Domain.csproj", "{792824CF-A937-4F39-9C30-C4F71FC519CB}"
EndProject
Project("{FAE04EC0-301F-11D3-BF4B-00C04F79EFBC}") = "Sales.Common", "Sales.Common\Sales.Common.csproj", "{BCA7E20C-9185-46D4-A65D-08165D1E68F8}"
EndProject
Global
	GlobalSection(SolutionConfigurationPlatforms) = preSolution
		Ad-Hoc|Any CPU = Ad-Hoc|Any CPU
		Ad-Hoc|iPhone = Ad-Hoc|iPhone
		Ad-Hoc|iPhoneSimulator = Ad-Hoc|iPhoneSimulator
		AppStore|Any CPU = AppStore|Any CPU
		AppStore|iPhone = AppStore|iPhone
		AppStore|iPhoneSimulator = AppStore|iPhoneSimulator
		Debug|Any CPU = Debug|Any CPU
		Debug|iPhone = Debug|iPhone
		Debug|iPhoneSimulator = Debug|iPhoneSimulator
		Release|Any CPU = Release|Any CPU
		Release|iPhone = Release|iPhone
		Release|iPhoneSimulator = Release|iPhoneSimulator
	EndGlobalSection
	GlobalSection(ProjectConfigurationPlatforms) = postSolution
		{B437F022-6183-457E-9C44-C4DD2E41682E}.Ad-Hoc|Any CPU.ActiveCfg = Release|Any CPU
		{B437F022-6183-457E-9C44-C4DD2E41682E}.Ad-Hoc|Any CPU.Build.0 = Release|Any CPU
		{B437F022-6183-457E-9C44-C4DD2E41682E}.Ad-Hoc|Any CPU.Deploy.0 = Release|Any CPU
		{B437F022-6183-457E-9C44-C4DD2E41682E}.Ad-Hoc|iPhone.ActiveCfg = Release|Any CPU
		{B437F022-6183-457E-9C44-C4DD2E41682E}.Ad-Hoc|iPhone.Build.0 = Release|Any CPU
		{B437F022-6183-457E-9C44-C4DD2E41682E}.Ad-Hoc|iPhone.Deploy.0 = Release|Any CPU
		{B437F022-6183-457E-9C44-C4DD2E41682E}.Ad-Hoc|iPhoneSimulator.ActiveCfg = Release|Any CPU
		{B437F022-6183-457E-9C44-C4DD2E41682E}.Ad-Hoc|iPhoneSimulator.Build.0 = Release|Any CPU
		{B437F022-6183-457E-9C44-C4DD2E41682E}.Ad-Hoc|iPhoneSimulator.Deploy.0 = Release|Any CPU
		{B437F022-6183-457E-9C44-C4DD2E41682E}.AppStore|Any CPU.ActiveCfg = Release|Any CPU
		{B437F022-6183-457E-9C44-C4DD2E41682E}.AppStore|Any CPU.Build.0 = Release|Any CPU
		{B437F022-6183-457E-9C44-C4DD2E41682E}.AppStore|Any CPU.Deploy.0 = Release|Any CPU
		{B437F022-6183-457E-9C44-C4DD2E41682E}.AppStore|iPhone.ActiveCfg = Release|Any CPU
		{B437F022-6183-457E-9C44-C4DD2E41682E}.AppStore|iPhone.Build.0 = Release|Any CPU
		{B437F022-6183-457E-9C44-C4DD2E41682E}.AppStore|iPhone.Deploy.0 = Release|Any CPU
		{B437F022-6183-457E-9C44-C4DD2E41682E}.AppStore|iPhoneSimulator.ActiveCfg = Release|Any CPU
		{B437F022-6183-457E-9C44-C4DD2E41682E}.AppStore|iPhoneSimulator.Build.0 = Release|Any CPU
		{B437F022-6183-457E-9C44-C4DD2E41682E}.AppStore|iPhoneSimulator.Deploy.0 = Release|Any CPU
		{B437F022-6183-457E-9C44-C4DD2E41682E}.Debug|Any CPU.ActiveCfg = Debug|Any CPU
		{B437F022-6183-457E-9C44-C4DD2E41682E}.Debug|Any CPU.Build.0 = Debug|Any CPU
		{B437F022-6183-457E-9C44-C4DD2E41682E}.Debug|Any CPU.Deploy.0 = Debug|Any CPU
		{B437F022-6183-457E-9C44-C4DD2E41682E}.Debug|iPhone.ActiveCfg = Debug|Any CPU
		{B437F022-6183-457E-9C44-C4DD2E41682E}.Debug|iPhone.Build.0 = Debug|Any CPU
		{B437F022-6183-457E-9C44-C4DD2E41682E}.Debug|iPhone.Deploy.0 = Debug|Any CPU
		{B437F022-6183-457E-9C44-C4DD2E41682E}.Debug|iPhoneSimulator.ActiveCfg = Debug|Any CPU
		{B437F022-6183-457E-9C44-C4DD2E41682E}.Debug|iPhoneSimulator.Build.0 = Debug|Any CPU
		{B437F022-6183-457E-9C44-C4DD2E41682E}.Debug|iPhoneSimulator.Deploy.0 = Debug|Any CPU
		{B437F022-6183-457E-9C44-C4DD2E41682E}.Release|Any CPU.ActiveCfg = Release|Any CPU
		{B437F022-6183-457E-9C44-C4DD2E41682E}.Release|Any CPU.Build.0 = Release|Any CPU
		{B437F022-6183-457E-9C44-C4DD2E41682E}.Release|Any CPU.Deploy.0 = Release|Any CPU
		{B437F022-6183-457E-9C44-C4DD2E41682E}.Release|iPhone.ActiveCfg = Release|Any CPU
		{B437F022-6183-457E-9C44-C4DD2E41682E}.Release|iPhone.Build.0 = Release|Any CPU
		{B437F022-6183-457E-9C44-C4DD2E41682E}.Release|iPhone.Deploy.0 = Release|Any CPU
		{B437F022-6183-457E-9C44-C4DD2E41682E}.Release|iPhoneSimulator.ActiveCfg = Release|Any CPU
		{B437F022-6183-457E-9C44-C4DD2E41682E}.Release|iPhoneSimulator.Build.0 = Release|Any CPU
		{B437F022-6183-457E-9C44-C4DD2E41682E}.Release|iPhoneSimulator.Deploy.0 = Release|Any CPU
		{28E5467C-C7C7-43BF-8044-52B770FFD20D}.Ad-Hoc|Any CPU.ActiveCfg = Ad-Hoc|iPhone
		{28E5467C-C7C7-43BF-8044-52B770FFD20D}.Ad-Hoc|Any CPU.Build.0 = Ad-Hoc|iPhone
		{28E5467C-C7C7-43BF-8044-52B770FFD20D}.Ad-Hoc|Any CPU.Deploy.0 = Ad-Hoc|iPhone
		{28E5467C-C7C7-43BF-8044-52B770FFD20D}.Ad-Hoc|iPhone.ActiveCfg = Ad-Hoc|iPhone
		{28E5467C-C7C7-43BF-8044-52B770FFD20D}.Ad-Hoc|iPhone.Build.0 = Ad-Hoc|iPhone
		{28E5467C-C7C7-43BF-8044-52B770FFD20D}.Ad-Hoc|iPhone.Deploy.0 = Ad-Hoc|iPhone
		{28E5467C-C7C7-43BF-8044-52B770FFD20D}.Ad-Hoc|iPhoneSimulator.ActiveCfg = Ad-Hoc|iPhoneSimulator
		{28E5467C-C7C7-43BF-8044-52B770FFD20D}.Ad-Hoc|iPhoneSimulator.Build.0 = Ad-Hoc|iPhoneSimulator
		{28E5467C-C7C7-43BF-8044-52B770FFD20D}.Ad-Hoc|iPhoneSimulator.Deploy.0 = Ad-Hoc|iPhoneSimulator
		{28E5467C-C7C7-43BF-8044-52B770FFD20D}.AppStore|Any CPU.ActiveCfg = AppStore|iPhone
		{28E5467C-C7C7-43BF-8044-52B770FFD20D}.AppStore|Any CPU.Build.0 = AppStore|iPhone
		{28E5467C-C7C7-43BF-8044-52B770FFD20D}.AppStore|Any CPU.Deploy.0 = AppStore|iPhone
		{28E5467C-C7C7-43BF-8044-52B770FFD20D}.AppStore|iPhone.ActiveCfg = AppStore|iPhone
		{28E5467C-C7C7-43BF-8044-52B770FFD20D}.AppStore|iPhone.Build.0 = AppStore|iPhone
		{28E5467C-C7C7-43BF-8044-52B770FFD20D}.AppStore|iPhone.Deploy.0 = AppStore|iPhone
		{28E5467C-C7C7-43BF-8044-52B770FFD20D}.AppStore|iPhoneSimulator.ActiveCfg = AppStore|iPhoneSimulator
		{28E5467C-C7C7-43BF-8044-52B770FFD20D}.AppStore|iPhoneSimulator.Build.0 = AppStore|iPhoneSimulator
		{28E5467C-C7C7-43BF-8044-52B770FFD20D}.AppStore|iPhoneSimulator.Deploy.0 = AppStore|iPhoneSimulator
		{28E5467C-C7C7-43BF-8044-52B770FFD20D}.Debug|Any CPU.ActiveCfg = Debug|iPhoneSimulator
		{28E5467C-C7C7-43BF-8044-52B770FFD20D}.Debug|Any CPU.Build.0 = Debug|iPhoneSimulator
		{28E5467C-C7C7-43BF-8044-52B770FFD20D}.Debug|Any CPU.Deploy.0 = Debug|iPhoneSimulator
		{28E5467C-C7C7-43BF-8044-52B770FFD20D}.Debug|iPhone.ActiveCfg = Debug|iPhone
		{28E5467C-C7C7-43BF-8044-52B770FFD20D}.Debug|iPhone.Build.0 = Debug|iPhone
		{28E5467C-C7C7-43BF-8044-52B770FFD20D}.Debug|iPhone.Deploy.0 = Debug|iPhone
		{28E5467C-C7C7-43BF-8044-52B770FFD20D}.Debug|iPhoneSimulator.ActiveCfg = Debug|iPhoneSimulator
		{28E5467C-C7C7-43BF-8044-52B770FFD20D}.Debug|iPhoneSimulator.Build.0 = Debug|iPhoneSimulator
		{28E5467C-C7C7-43BF-8044-52B770FFD20D}.Debug|iPhoneSimulator.Deploy.0 = Debug|iPhoneSimulator
		{28E5467C-C7C7-43BF-8044-52B770FFD20D}.Release|Any CPU.ActiveCfg = Release|iPhone
		{28E5467C-C7C7-43BF-8044-52B770FFD20D}.Release|Any CPU.Build.0 = Release|iPhone
		{28E5467C-C7C7-43BF-8044-52B770FFD20D}.Release|Any CPU.Deploy.0 = Release|iPhone
		{28E5467C-C7C7-43BF-8044-52B770FFD20D}.Release|iPhone.ActiveCfg = Release|iPhone
		{28E5467C-C7C7-43BF-8044-52B770FFD20D}.Release|iPhone.Build.0 = Release|iPhone
		{28E5467C-C7C7-43BF-8044-52B770FFD20D}.Release|iPhone.Deploy.0 = Release|iPhone
		{28E5467C-C7C7-43BF-8044-52B770FFD20D}.Release|iPhoneSimulator.ActiveCfg = Release|iPhoneSimulator
		{28E5467C-C7C7-43BF-8044-52B770FFD20D}.Release|iPhoneSimulator.Build.0 = Release|iPhoneSimulator
		{28E5467C-C7C7-43BF-8044-52B770FFD20D}.Release|iPhoneSimulator.Deploy.0 = Release|iPhoneSimulator
		{DBC4FBE4-4F38-4224-90CB-84B4DF9B0336}.Ad-Hoc|Any CPU.ActiveCfg = Debug|Any CPU
		{DBC4FBE4-4F38-4224-90CB-84B4DF9B0336}.Ad-Hoc|Any CPU.Build.0 = Debug|Any CPU
		{DBC4FBE4-4F38-4224-90CB-84B4DF9B0336}.Ad-Hoc|Any CPU.Deploy.0 = Debug|Any CPU
		{DBC4FBE4-4F38-4224-90CB-84B4DF9B0336}.Ad-Hoc|iPhone.ActiveCfg = Debug|Any CPU
		{DBC4FBE4-4F38-4224-90CB-84B4DF9B0336}.Ad-Hoc|iPhone.Build.0 = Debug|Any CPU
		{DBC4FBE4-4F38-4224-90CB-84B4DF9B0336}.Ad-Hoc|iPhone.Deploy.0 = Debug|Any CPU
		{DBC4FBE4-4F38-4224-90CB-84B4DF9B0336}.Ad-Hoc|iPhoneSimulator.ActiveCfg = Debug|Any CPU
		{DBC4FBE4-4F38-4224-90CB-84B4DF9B0336}.Ad-Hoc|iPhoneSimulator.Build.0 = Debug|Any CPU
		{DBC4FBE4-4F38-4224-90CB-84B4DF9B0336}.Ad-Hoc|iPhoneSimulator.Deploy.0 = Debug|Any CPU
		{DBC4FBE4-4F38-4224-90CB-84B4DF9B0336}.AppStore|Any CPU.ActiveCfg = Debug|Any CPU
		{DBC4FBE4-4F38-4224-90CB-84B4DF9B0336}.AppStore|Any CPU.Build.0 = Debug|Any CPU
		{DBC4FBE4-4F38-4224-90CB-84B4DF9B0336}.AppStore|Any CPU.Deploy.0 = Debug|Any CPU
		{DBC4FBE4-4F38-4224-90CB-84B4DF9B0336}.AppStore|iPhone.ActiveCfg = Debug|Any CPU
		{DBC4FBE4-4F38-4224-90CB-84B4DF9B0336}.AppStore|iPhone.Build.0 = Debug|Any CPU
		{DBC4FBE4-4F38-4224-90CB-84B4DF9B0336}.AppStore|iPhone.Deploy.0 = Debug|Any CPU
		{DBC4FBE4-4F38-4224-90CB-84B4DF9B0336}.AppStore|iPhoneSimulator.ActiveCfg = Debug|Any CPU
		{DBC4FBE4-4F38-4224-90CB-84B4DF9B0336}.AppStore|iPhoneSimulator.Build.0 = Debug|Any CPU
		{DBC4FBE4-4F38-4224-90CB-84B4DF9B0336}.AppStore|iPhoneSimulator.Deploy.0 = Debug|Any CPU
		{DBC4FBE4-4F38-4224-90CB-84B4DF9B0336}.Debug|Any CPU.ActiveCfg = Debug|Any CPU
		{DBC4FBE4-4F38-4224-90CB-84B4DF9B0336}.Debug|Any CPU.Build.0 = Debug|Any CPU
		{DBC4FBE4-4F38-4224-90CB-84B4DF9B0336}.Debug|Any CPU.Deploy.0 = Debug|Any CPU
		{DBC4FBE4-4F38-4224-90CB-84B4DF9B0336}.Debug|iPhone.ActiveCfg = Debug|Any CPU
		{DBC4FBE4-4F38-4224-90CB-84B4DF9B0336}.Debug|iPhone.Build.0 = Debug|Any CPU
		{DBC4FBE4-4F38-4224-90CB-84B4DF9B0336}.Debug|iPhone.Deploy.0 = Debug|Any CPU
		{DBC4FBE4-4F38-4224-90CB-84B4DF9B0336}.Debug|iPhoneSimulator.ActiveCfg = Debug|Any CPU
		{DBC4FBE4-4F38-4224-90CB-84B4DF9B0336}.Debug|iPhoneSimulator.Build.0 = Debug|Any CPU
		{DBC4FBE4-4F38-4224-90CB-84B4DF9B0336}.Debug|iPhoneSimulator.Deploy.0 = Debug|Any CPU
		{DBC4FBE4-4F38-4224-90CB-84B4DF9B0336}.Release|Any CPU.ActiveCfg = Release|Any CPU
		{DBC4FBE4-4F38-4224-90CB-84B4DF9B0336}.Release|Any CPU.Build.0 = Release|Any CPU
		{DBC4FBE4-4F38-4224-90CB-84B4DF9B0336}.Release|Any CPU.Deploy.0 = Release|Any CPU
		{DBC4FBE4-4F38-4224-90CB-84B4DF9B0336}.Release|iPhone.ActiveCfg = Release|Any CPU
		{DBC4FBE4-4F38-4224-90CB-84B4DF9B0336}.Release|iPhone.Build.0 = Release|Any CPU
		{DBC4FBE4-4F38-4224-90CB-84B4DF9B0336}.Release|iPhone.Deploy.0 = Release|Any CPU
		{DBC4FBE4-4F38-4224-90CB-84B4DF9B0336}.Release|iPhoneSimulator.ActiveCfg = Release|Any CPU
		{DBC4FBE4-4F38-4224-90CB-84B4DF9B0336}.Release|iPhoneSimulator.Build.0 = Release|Any CPU
		{DBC4FBE4-4F38-4224-90CB-84B4DF9B0336}.Release|iPhoneSimulator.Deploy.0 = Release|Any CPU
		{52ACAA11-8308-40A5-8263-945B33D9C452}.Ad-Hoc|Any CPU.ActiveCfg = Release|Any CPU
		{52ACAA11-8308-40A5-8263-945B33D9C452}.Ad-Hoc|Any CPU.Build.0 = Release|Any CPU
		{52ACAA11-8308-40A5-8263-945B33D9C452}.Ad-Hoc|iPhone.ActiveCfg = Release|Any CPU
		{52ACAA11-8308-40A5-8263-945B33D9C452}.Ad-Hoc|iPhone.Build.0 = Release|Any CPU
		{52ACAA11-8308-40A5-8263-945B33D9C452}.Ad-Hoc|iPhoneSimulator.ActiveCfg = Release|Any CPU
		{52ACAA11-8308-40A5-8263-945B33D9C452}.Ad-Hoc|iPhoneSimulator.Build.0 = Release|Any CPU
		{52ACAA11-8308-40A5-8263-945B33D9C452}.AppStore|Any CPU.ActiveCfg = Release|Any CPU
		{52ACAA11-8308-40A5-8263-945B33D9C452}.AppStore|Any CPU.Build.0 = Release|Any CPU
		{52ACAA11-8308-40A5-8263-945B33D9C452}.AppStore|iPhone.ActiveCfg = Release|Any CPU
		{52ACAA11-8308-40A5-8263-945B33D9C452}.AppStore|iPhone.Build.0 = Release|Any CPU
		{52ACAA11-8308-40A5-8263-945B33D9C452}.AppStore|iPhoneSimulator.ActiveCfg = Release|Any CPU
		{52ACAA11-8308-40A5-8263-945B33D9C452}.AppStore|iPhoneSimulator.Build.0 = Release|Any CPU
		{52ACAA11-8308-40A5-8263-945B33D9C452}.Debug|Any CPU.ActiveCfg = Debug|Any CPU
		{52ACAA11-8308-40A5-8263-945B33D9C452}.Debug|Any CPU.Build.0 = Debug|Any CPU
		{52ACAA11-8308-40A5-8263-945B33D9C452}.Debug|iPhone.ActiveCfg = Debug|Any CPU
		{52ACAA11-8308-40A5-8263-945B33D9C452}.Debug|iPhone.Build.0 = Debug|Any CPU
		{52ACAA11-8308-40A5-8263-945B33D9C452}.Debug|iPhoneSimulator.ActiveCfg = Debug|Any CPU
		{52ACAA11-8308-40A5-8263-945B33D9C452}.Debug|iPhoneSimulator.Build.0 = Debug|Any CPU
		{52ACAA11-8308-40A5-8263-945B33D9C452}.Release|Any CPU.ActiveCfg = Release|Any CPU
		{52ACAA11-8308-40A5-8263-945B33D9C452}.Release|Any CPU.Build.0 = Release|Any CPU
		{52ACAA11-8308-40A5-8263-945B33D9C452}.Release|iPhone.ActiveCfg = Release|Any CPU
		{52ACAA11-8308-40A5-8263-945B33D9C452}.Release|iPhone.Build.0 = Release|Any CPU
		{52ACAA11-8308-40A5-8263-945B33D9C452}.Release|iPhoneSimulator.ActiveCfg = Release|Any CPU
		{52ACAA11-8308-40A5-8263-945B33D9C452}.Release|iPhoneSimulator.Build.0 = Release|Any CPU
		{0382F4BE-FD6D-49F4-BF28-DE480C477091}.Ad-Hoc|Any CPU.ActiveCfg = Release|Any CPU
		{0382F4BE-FD6D-49F4-BF28-DE480C477091}.Ad-Hoc|Any CPU.Build.0 = Release|Any CPU
		{0382F4BE-FD6D-49F4-BF28-DE480C477091}.Ad-Hoc|iPhone.ActiveCfg = Release|Any CPU
		{0382F4BE-FD6D-49F4-BF28-DE480C477091}.Ad-Hoc|iPhone.Build.0 = Release|Any CPU
		{0382F4BE-FD6D-49F4-BF28-DE480C477091}.Ad-Hoc|iPhoneSimulator.ActiveCfg = Release|Any CPU
		{0382F4BE-FD6D-49F4-BF28-DE480C477091}.Ad-Hoc|iPhoneSimulator.Build.0 = Release|Any CPU
		{0382F4BE-FD6D-49F4-BF28-DE480C477091}.AppStore|Any CPU.ActiveCfg = Release|Any CPU
		{0382F4BE-FD6D-49F4-BF28-DE480C477091}.AppStore|Any CPU.Build.0 = Release|Any CPU
		{0382F4BE-FD6D-49F4-BF28-DE480C477091}.AppStore|iPhone.ActiveCfg = Release|Any CPU
		{0382F4BE-FD6D-49F4-BF28-DE480C477091}.AppStore|iPhone.Build.0 = Release|Any CPU
		{0382F4BE-FD6D-49F4-BF28-DE480C477091}.AppStore|iPhoneSimulator.ActiveCfg = Release|Any CPU
		{0382F4BE-FD6D-49F4-BF28-DE480C477091}.AppStore|iPhoneSimulator.Build.0 = Release|Any CPU
		{0382F4BE-FD6D-49F4-BF28-DE480C477091}.Debug|Any CPU.ActiveCfg = Debug|Any CPU
		{0382F4BE-FD6D-49F4-BF28-DE480C477091}.Debug|Any CPU.Build.0 = Debug|Any CPU
		{0382F4BE-FD6D-49F4-BF28-DE480C477091}.Debug|iPhone.ActiveCfg = Debug|Any CPU
		{0382F4BE-FD6D-49F4-BF28-DE480C477091}.Debug|iPhone.Build.0 = Debug|Any CPU
		{0382F4BE-FD6D-49F4-BF28-DE480C477091}.Debug|iPhoneSimulator.ActiveCfg = Debug|Any CPU
		{0382F4BE-FD6D-49F4-BF28-DE480C477091}.Debug|iPhoneSimulator.Build.0 = Debug|Any CPU
		{0382F4BE-FD6D-49F4-BF28-DE480C477091}.Release|Any CPU.ActiveCfg = Release|Any CPU
		{0382F4BE-FD6D-49F4-BF28-DE480C477091}.Release|Any CPU.Build.0 = Release|Any CPU
		{0382F4BE-FD6D-49F4-BF28-DE480C477091}.Release|iPhone.ActiveCfg = Release|Any CPU
		{0382F4BE-FD6D-49F4-BF28-DE480C477091}.Release|iPhone.Build.0 = Release|Any CPU
		{0382F4BE-FD6D-49F4-BF28-DE480C477091}.Release|iPhoneSimulator.ActiveCfg = Release|Any CPU
		{0382F4BE-FD6D-49F4-BF28-DE480C477091}.Release|iPhoneSimulator.Build.0 = Release|Any CPU
		{792824CF-A937-4F39-9C30-C4F71FC519CB}.Ad-Hoc|Any CPU.ActiveCfg = Release|Any CPU
		{792824CF-A937-4F39-9C30-C4F71FC519CB}.Ad-Hoc|Any CPU.Build.0 = Release|Any CPU
		{792824CF-A937-4F39-9C30-C4F71FC519CB}.Ad-Hoc|iPhone.ActiveCfg = Release|Any CPU
		{792824CF-A937-4F39-9C30-C4F71FC519CB}.Ad-Hoc|iPhone.Build.0 = Release|Any CPU
		{792824CF-A937-4F39-9C30-C4F71FC519CB}.Ad-Hoc|iPhoneSimulator.ActiveCfg = Release|Any CPU
		{792824CF-A937-4F39-9C30-C4F71FC519CB}.Ad-Hoc|iPhoneSimulator.Build.0 = Release|Any CPU
		{792824CF-A937-4F39-9C30-C4F71FC519CB}.AppStore|Any CPU.ActiveCfg = Release|Any CPU
		{792824CF-A937-4F39-9C30-C4F71FC519CB}.AppStore|Any CPU.Build.0 = Release|Any CPU
		{792824CF-A937-4F39-9C30-C4F71FC519CB}.AppStore|iPhone.ActiveCfg = Release|Any CPU
		{792824CF-A937-4F39-9C30-C4F71FC519CB}.AppStore|iPhone.Build.0 = Release|Any CPU
		{792824CF-A937-4F39-9C30-C4F71FC519CB}.AppStore|iPhoneSimulator.ActiveCfg = Release|Any CPU
		{792824CF-A937-4F39-9C30-C4F71FC519CB}.AppStore|iPhoneSimulator.Build.0 = Release|Any CPU
		{792824CF-A937-4F39-9C30-C4F71FC519CB}.Debug|Any CPU.ActiveCfg = Debug|Any CPU
		{792824CF-A937-4F39-9C30-C4F71FC519CB}.Debug|Any CPU.Build.0 = Debug|Any CPU
		{792824CF-A937-4F39-9C30-C4F71FC519CB}.Debug|iPhone.ActiveCfg = Debug|Any CPU
		{792824CF-A937-4F39-9C30-C4F71FC519CB}.Debug|iPhone.Build.0 = Debug|Any CPU
		{792824CF-A937-4F39-9C30-C4F71FC519CB}.Debug|iPhoneSimulator.ActiveCfg = Debug|Any CPU
		{792824CF-A937-4F39-9C30-C4F71FC519CB}.Debug|iPhoneSimulator.Build.0 = Debug|Any CPU
		{792824CF-A937-4F39-9C30-C4F71FC519CB}.Release|Any CPU.ActiveCfg = Release|Any CPU
		{792824CF-A937-4F39-9C30-C4F71FC519CB}.Release|Any CPU.Build.0 = Release|Any CPU
		{792824CF-A937-4F39-9C30-C4F71FC519CB}.Release|iPhone.ActiveCfg = Release|Any CPU
		{792824CF-A937-4F39-9C30-C4F71FC519CB}.Release|iPhone.Build.0 = Release|Any CPU
		{792824CF-A937-4F39-9C30-C4F71FC519CB}.Release|iPhoneSimulator.ActiveCfg = Release|Any CPU
		{792824CF-A937-4F39-9C30-C4F71FC519CB}.Release|iPhoneSimulator.Build.0 = Release|Any CPU
		{BCA7E20C-9185-46D4-A65D-08165D1E68F8}.Ad-Hoc|Any CPU.ActiveCfg = Release|Any CPU
		{BCA7E20C-9185-46D4-A65D-08165D1E68F8}.Ad-Hoc|Any CPU.Build.0 = Release|Any CPU
		{BCA7E20C-9185-46D4-A65D-08165D1E68F8}.Ad-Hoc|iPhone.ActiveCfg = Release|Any CPU
		{BCA7E20C-9185-46D4-A65D-08165D1E68F8}.Ad-Hoc|iPhone.Build.0 = Release|Any CPU
		{BCA7E20C-9185-46D4-A65D-08165D1E68F8}.Ad-Hoc|iPhoneSimulator.ActiveCfg = Release|Any CPU
		{BCA7E20C-9185-46D4-A65D-08165D1E68F8}.Ad-Hoc|iPhoneSimulator.Build.0 = Release|Any CPU
		{BCA7E20C-9185-46D4-A65D-08165D1E68F8}.AppStore|Any CPU.ActiveCfg = Release|Any CPU
		{BCA7E20C-9185-46D4-A65D-08165D1E68F8}.AppStore|Any CPU.Build.0 = Release|Any CPU
		{BCA7E20C-9185-46D4-A65D-08165D1E68F8}.AppStore|iPhone.ActiveCfg = Release|Any CPU
		{BCA7E20C-9185-46D4-A65D-08165D1E68F8}.AppStore|iPhone.Build.0 = Release|Any CPU
		{BCA7E20C-9185-46D4-A65D-08165D1E68F8}.AppStore|iPhoneSimulator.ActiveCfg = Release|Any CPU
		{BCA7E20C-9185-46D4-A65D-08165D1E68F8}.AppStore|iPhoneSimulator.Build.0 = Release|Any CPU
		{BCA7E20C-9185-46D4-A65D-08165D1E68F8}.Debug|Any CPU.ActiveCfg = Debug|Any CPU
		{BCA7E20C-9185-46D4-A65D-08165D1E68F8}.Debug|Any CPU.Build.0 = Debug|Any CPU
		{BCA7E20C-9185-46D4-A65D-08165D1E68F8}.Debug|iPhone.ActiveCfg = Debug|Any CPU
		{BCA7E20C-9185-46D4-A65D-08165D1E68F8}.Debug|iPhone.Build.0 = Debug|Any CPU
		{BCA7E20C-9185-46D4-A65D-08165D1E68F8}.Debug|iPhoneSimulator.ActiveCfg = Debug|Any CPU
		{BCA7E20C-9185-46D4-A65D-08165D1E68F8}.Debug|iPhoneSimulator.Build.0 = Debug|Any CPU
		{BCA7E20C-9185-46D4-A65D-08165D1E68F8}.Release|Any CPU.ActiveCfg = Release|Any CPU
		{BCA7E20C-9185-46D4-A65D-08165D1E68F8}.Release|Any CPU.Build.0 = Release|Any CPU
		{BCA7E20C-9185-46D4-A65D-08165D1E68F8}.Release|iPhone.ActiveCfg = Release|Any CPU
		{BCA7E20C-9185-46D4-A65D-08165D1E68F8}.Release|iPhone.Build.0 = Release|Any CPU
		{BCA7E20C-9185-46D4-A65D-08165D1E68F8}.Release|iPhoneSimulator.ActiveCfg = Release|Any CPU
		{BCA7E20C-9185-46D4-A65D-08165D1E68F8}.Release|iPhoneSimulator.Build.0 = Release|Any CPU
	EndGlobalSection
	GlobalSection(SolutionProperties) = preSolution
		HideSolutionNode = FALSE
	EndGlobalSection
	GlobalSection(ExtensibilityGlobals) = postSolution
		SolutionGuid = {88123091-871A-4408-BD64-E11D23406BEB}
	EndGlobalSection
EndGlobal
